
Microsoft Visual Studio Solution File, Format Version 12.00
# Visual Studio 15
VisualStudioVersion = 15.0.26430.15
MinimumVisualStudioVersion = 10.0.40219.1
Project("{9A19103F-16F7-4668-BE54-9A1E7A4F7556}") = "TheMovie", "TheMovie\TheMovie\TheMovie.csproj", "{F8B5A3EE-DD42-417B-827A-5471CAA3F7BD}"
EndProject
Project("{FAE04EC0-301F-11D3-BF4B-00C04F79EFBC}") = "TheMovie.Android", "TheMovie\TheMovie.Android\TheMovie.Android.csproj", "{51E03B22-E15D-4CE2-8113-C61FA7B1651C}"
EndProject
Project("{FAE04EC0-301F-11D3-BF4B-00C04F79EFBC}") = "TheMovie.iOS", "TheMovie\TheMovie.iOS\TheMovie.iOS.csproj", "{F8924DE9-A1E3-483F-A228-8E2D0238D070}"
EndProject
Project("{2150E333-8FDC-42A3-9474-1A3956D46DE8}") = "TheMovie.Tests", "TheMovie.Tests", "{F10C3679-6262-4B65-81AF-7769BA7761B2}"
EndProject
Project("{FAE04EC0-301F-11D3-BF4B-00C04F79EFBC}") = "TheMovie.UITest", "TheMovie\TheMovie.Tests\TheMovie.UITest\TheMovie.UITest.csproj", "{BF489E38-F02F-4E08-B641-01D2C75C8B8E}"
EndProject
Project("{FAE04EC0-301F-11D3-BF4B-00C04F79EFBC}") = "TheMovie.IntegrationTest", "TheMovie\TheMovie.Tests\TheMovie.IntegrationTest\TheMovie.IntegrationTest.csproj", "{E4118D6D-DEA6-4980-8324-FBE423445C11}"
EndProject
Project("{FAE04EC0-301F-11D3-BF4B-00C04F79EFBC}") = "TheMovie.UnitTest", "TheMovie\TheMovie.Tests\TheMovie.UnitTest\TheMovie.UnitTest.csproj", "{C68DE07D-3BFE-4D21-BDCF-D51026B8CA57}"
EndProject
Project("{FAE04EC0-301F-11D3-BF4B-00C04F79EFBC}") = "TheMovie.UWP", "TheMovie\TheMovie.UWP\TheMovie.UWP.csproj", "{5622F272-0CD2-4CBC-9FB4-AA91474BC261}"
EndProject
Global
	GlobalSection(SolutionConfigurationPlatforms) = preSolution
		Debug|Any CPU = Debug|Any CPU
		Debug|ARM = Debug|ARM
		Debug|iPhone = Debug|iPhone
		Debug|iPhoneSimulator = Debug|iPhoneSimulator
		Debug|x64 = Debug|x64
		Debug|x86 = Debug|x86
		Release|Any CPU = Release|Any CPU
		Release|ARM = Release|ARM
		Release|iPhone = Release|iPhone
		Release|iPhoneSimulator = Release|iPhoneSimulator
		Release|x64 = Release|x64
		Release|x86 = Release|x86
	EndGlobalSection
	GlobalSection(ProjectConfigurationPlatforms) = postSolution
		{F8B5A3EE-DD42-417B-827A-5471CAA3F7BD}.Debug|Any CPU.ActiveCfg = Debug|Any CPU
		{F8B5A3EE-DD42-417B-827A-5471CAA3F7BD}.Debug|Any CPU.Build.0 = Debug|Any CPU
		{F8B5A3EE-DD42-417B-827A-5471CAA3F7BD}.Debug|ARM.ActiveCfg = Debug|Any CPU
		{F8B5A3EE-DD42-417B-827A-5471CAA3F7BD}.Debug|ARM.Build.0 = Debug|Any CPU
		{F8B5A3EE-DD42-417B-827A-5471CAA3F7BD}.Debug|iPhone.ActiveCfg = Debug|Any CPU
		{F8B5A3EE-DD42-417B-827A-5471CAA3F7BD}.Debug|iPhone.Build.0 = Debug|Any CPU
		{F8B5A3EE-DD42-417B-827A-5471CAA3F7BD}.Debug|iPhoneSimulator.ActiveCfg = Debug|Any CPU
		{F8B5A3EE-DD42-417B-827A-5471CAA3F7BD}.Debug|iPhoneSimulator.Build.0 = Debug|Any CPU
		{F8B5A3EE-DD42-417B-827A-5471CAA3F7BD}.Debug|x64.ActiveCfg = Debug|Any CPU
		{F8B5A3EE-DD42-417B-827A-5471CAA3F7BD}.Debug|x64.Build.0 = Debug|Any CPU
		{F8B5A3EE-DD42-417B-827A-5471CAA3F7BD}.Debug|x86.ActiveCfg = Debug|Any CPU
		{F8B5A3EE-DD42-417B-827A-5471CAA3F7BD}.Debug|x86.Build.0 = Debug|Any CPU
		{F8B5A3EE-DD42-417B-827A-5471CAA3F7BD}.Release|Any CPU.ActiveCfg = Release|Any CPU
		{F8B5A3EE-DD42-417B-827A-5471CAA3F7BD}.Release|Any CPU.Build.0 = Release|Any CPU
		{F8B5A3EE-DD42-417B-827A-5471CAA3F7BD}.Release|ARM.ActiveCfg = Release|Any CPU
		{F8B5A3EE-DD42-417B-827A-5471CAA3F7BD}.Release|ARM.Build.0 = Release|Any CPU
		{F8B5A3EE-DD42-417B-827A-5471CAA3F7BD}.Release|iPhone.ActiveCfg = Release|Any CPU
		{F8B5A3EE-DD42-417B-827A-5471CAA3F7BD}.Release|iPhone.Build.0 = Release|Any CPU
		{F8B5A3EE-DD42-417B-827A-5471CAA3F7BD}.Release|iPhoneSimulator.ActiveCfg = Release|Any CPU
		{F8B5A3EE-DD42-417B-827A-5471CAA3F7BD}.Release|iPhoneSimulator.Build.0 = Release|Any CPU
		{F8B5A3EE-DD42-417B-827A-5471CAA3F7BD}.Release|x64.ActiveCfg = Release|Any CPU
		{F8B5A3EE-DD42-417B-827A-5471CAA3F7BD}.Release|x64.Build.0 = Release|Any CPU
		{F8B5A3EE-DD42-417B-827A-5471CAA3F7BD}.Release|x86.ActiveCfg = Release|Any CPU
		{F8B5A3EE-DD42-417B-827A-5471CAA3F7BD}.Release|x86.Build.0 = Release|Any CPU
		{51E03B22-E15D-4CE2-8113-C61FA7B1651C}.Debug|Any CPU.ActiveCfg = Debug|Any CPU
		{51E03B22-E15D-4CE2-8113-C61FA7B1651C}.Debug|Any CPU.Build.0 = Debug|Any CPU
		{51E03B22-E15D-4CE2-8113-C61FA7B1651C}.Debug|Any CPU.Deploy.0 = Debug|Any CPU
		{51E03B22-E15D-4CE2-8113-C61FA7B1651C}.Debug|ARM.ActiveCfg = Debug|Any CPU
		{51E03B22-E15D-4CE2-8113-C61FA7B1651C}.Debug|ARM.Build.0 = Debug|Any CPU
		{51E03B22-E15D-4CE2-8113-C61FA7B1651C}.Debug|ARM.Deploy.0 = Debug|Any CPU
		{51E03B22-E15D-4CE2-8113-C61FA7B1651C}.Debug|iPhone.ActiveCfg = Debug|Any CPU
		{51E03B22-E15D-4CE2-8113-C61FA7B1651C}.Debug|iPhone.Build.0 = Debug|Any CPU
		{51E03B22-E15D-4CE2-8113-C61FA7B1651C}.Debug|iPhone.Deploy.0 = Debug|Any CPU
		{51E03B22-E15D-4CE2-8113-C61FA7B1651C}.Debug|iPhoneSimulator.ActiveCfg = Debug|Any CPU
		{51E03B22-E15D-4CE2-8113-C61FA7B1651C}.Debug|iPhoneSimulator.Build.0 = Debug|Any CPU
		{51E03B22-E15D-4CE2-8113-C61FA7B1651C}.Debug|iPhoneSimulator.Deploy.0 = Debug|Any CPU
		{51E03B22-E15D-4CE2-8113-C61FA7B1651C}.Debug|x64.ActiveCfg = Debug|Any CPU
		{51E03B22-E15D-4CE2-8113-C61FA7B1651C}.Debug|x64.Build.0 = Debug|Any CPU
		{51E03B22-E15D-4CE2-8113-C61FA7B1651C}.Debug|x64.Deploy.0 = Debug|Any CPU
		{51E03B22-E15D-4CE2-8113-C61FA7B1651C}.Debug|x86.ActiveCfg = Debug|Any CPU
		{51E03B22-E15D-4CE2-8113-C61FA7B1651C}.Debug|x86.Build.0 = Debug|Any CPU
		{51E03B22-E15D-4CE2-8113-C61FA7B1651C}.Debug|x86.Deploy.0 = Debug|Any CPU
		{51E03B22-E15D-4CE2-8113-C61FA7B1651C}.Release|Any CPU.ActiveCfg = Release|Any CPU
		{51E03B22-E15D-4CE2-8113-C61FA7B1651C}.Release|Any CPU.Build.0 = Release|Any CPU
		{51E03B22-E15D-4CE2-8113-C61FA7B1651C}.Release|Any CPU.Deploy.0 = Release|Any CPU
		{51E03B22-E15D-4CE2-8113-C61FA7B1651C}.Release|ARM.ActiveCfg = Release|Any CPU
		{51E03B22-E15D-4CE2-8113-C61FA7B1651C}.Release|ARM.Build.0 = Release|Any CPU
		{51E03B22-E15D-4CE2-8113-C61FA7B1651C}.Release|ARM.Deploy.0 = Release|Any CPU
		{51E03B22-E15D-4CE2-8113-C61FA7B1651C}.Release|iPhone.ActiveCfg = Release|Any CPU
		{51E03B22-E15D-4CE2-8113-C61FA7B1651C}.Release|iPhone.Build.0 = Release|Any CPU
		{51E03B22-E15D-4CE2-8113-C61FA7B1651C}.Release|iPhone.Deploy.0 = Release|Any CPU
		{51E03B22-E15D-4CE2-8113-C61FA7B1651C}.Release|iPhoneSimulator.ActiveCfg = Release|Any CPU
		{51E03B22-E15D-4CE2-8113-C61FA7B1651C}.Release|iPhoneSimulator.Build.0 = Release|Any CPU
		{51E03B22-E15D-4CE2-8113-C61FA7B1651C}.Release|iPhoneSimulator.Deploy.0 = Release|Any CPU
		{51E03B22-E15D-4CE2-8113-C61FA7B1651C}.Release|x64.ActiveCfg = Release|Any CPU
		{51E03B22-E15D-4CE2-8113-C61FA7B1651C}.Release|x64.Build.0 = Release|Any CPU
		{51E03B22-E15D-4CE2-8113-C61FA7B1651C}.Release|x64.Deploy.0 = Release|Any CPU
		{51E03B22-E15D-4CE2-8113-C61FA7B1651C}.Release|x86.ActiveCfg = Release|Any CPU
		{51E03B22-E15D-4CE2-8113-C61FA7B1651C}.Release|x86.Build.0 = Release|Any CPU
		{51E03B22-E15D-4CE2-8113-C61FA7B1651C}.Release|x86.Deploy.0 = Release|Any CPU
		{F8924DE9-A1E3-483F-A228-8E2D0238D070}.Debug|Any CPU.ActiveCfg = Debug|iPhone
		{F8924DE9-A1E3-483F-A228-8E2D0238D070}.Debug|Any CPU.Build.0 = Debug|iPhone
		{F8924DE9-A1E3-483F-A228-8E2D0238D070}.Debug|ARM.ActiveCfg = Debug|iPhone
		{F8924DE9-A1E3-483F-A228-8E2D0238D070}.Debug|iPhone.ActiveCfg = Debug|iPhone
		{F8924DE9-A1E3-483F-A228-8E2D0238D070}.Debug|iPhone.Build.0 = Debug|iPhone
		{F8924DE9-A1E3-483F-A228-8E2D0238D070}.Debug|iPhoneSimulator.ActiveCfg = Debug|iPhoneSimulator
		{F8924DE9-A1E3-483F-A228-8E2D0238D070}.Debug|iPhoneSimulator.Build.0 = Debug|iPhoneSimulator
		{F8924DE9-A1E3-483F-A228-8E2D0238D070}.Debug|x64.ActiveCfg = Debug|iPhone
		{F8924DE9-A1E3-483F-A228-8E2D0238D070}.Debug|x86.ActiveCfg = Debug|iPhone
		{F8924DE9-A1E3-483F-A228-8E2D0238D070}.Release|Any CPU.ActiveCfg = Release|iPhone
		{F8924DE9-A1E3-483F-A228-8E2D0238D070}.Release|ARM.ActiveCfg = Release|iPhone
		{F8924DE9-A1E3-483F-A228-8E2D0238D070}.Release|iPhone.ActiveCfg = Release|iPhone
		{F8924DE9-A1E3-483F-A228-8E2D0238D070}.Release|iPhone.Build.0 = Release|iPhone
		{F8924DE9-A1E3-483F-A228-8E2D0238D070}.Release|iPhoneSimulator.ActiveCfg = Release|iPhoneSimulator
		{F8924DE9-A1E3-483F-A228-8E2D0238D070}.Release|iPhoneSimulator.Build.0 = Release|iPhoneSimulator
		{F8924DE9-A1E3-483F-A228-8E2D0238D070}.Release|x64.ActiveCfg = Release|iPhone
		{F8924DE9-A1E3-483F-A228-8E2D0238D070}.Release|x86.ActiveCfg = Release|iPhone
		{BF489E38-F02F-4E08-B641-01D2C75C8B8E}.Debug|Any CPU.ActiveCfg = Debug|Any CPU
		{BF489E38-F02F-4E08-B641-01D2C75C8B8E}.Debug|Any CPU.Build.0 = Debug|Any CPU
		{BF489E38-F02F-4E08-B641-01D2C75C8B8E}.Debug|ARM.ActiveCfg = Debug|Any CPU
		{BF489E38-F02F-4E08-B641-01D2C75C8B8E}.Debug|ARM.Build.0 = Debug|Any CPU
		{BF489E38-F02F-4E08-B641-01D2C75C8B8E}.Debug|iPhone.ActiveCfg = Debug|Any CPU
		{BF489E38-F02F-4E08-B641-01D2C75C8B8E}.Debug|iPhone.Build.0 = Debug|Any CPU
		{BF489E38-F02F-4E08-B641-01D2C75C8B8E}.Debug|iPhoneSimulator.ActiveCfg = Debug|Any CPU
		{BF489E38-F02F-4E08-B641-01D2C75C8B8E}.Debug|iPhoneSimulator.Build.0 = Debug|Any CPU
		{BF489E38-F02F-4E08-B641-01D2C75C8B8E}.Debug|x64.ActiveCfg = Debug|Any CPU
		{BF489E38-F02F-4E08-B641-01D2C75C8B8E}.Debug|x64.Build.0 = Debug|Any CPU
		{BF489E38-F02F-4E08-B641-01D2C75C8B8E}.Debug|x86.ActiveCfg = Debug|Any CPU
		{BF489E38-F02F-4E08-B641-01D2C75C8B8E}.Debug|x86.Build.0 = Debug|Any CPU
		{BF489E38-F02F-4E08-B641-01D2C75C8B8E}.Release|Any CPU.ActiveCfg = Release|Any CPU
		{BF489E38-F02F-4E08-B641-01D2C75C8B8E}.Release|Any CPU.Build.0 = Release|Any CPU
		{BF489E38-F02F-4E08-B641-01D2C75C8B8E}.Release|ARM.ActiveCfg = Release|Any CPU
		{BF489E38-F02F-4E08-B641-01D2C75C8B8E}.Release|ARM.Build.0 = Release|Any CPU
		{BF489E38-F02F-4E08-B641-01D2C75C8B8E}.Release|iPhone.ActiveCfg = Release|Any CPU
		{BF489E38-F02F-4E08-B641-01D2C75C8B8E}.Release|iPhone.Build.0 = Release|Any CPU
		{BF489E38-F02F-4E08-B641-01D2C75C8B8E}.Release|iPhoneSimulator.ActiveCfg = Release|Any CPU
		{BF489E38-F02F-4E08-B641-01D2C75C8B8E}.Release|iPhoneSimulator.Build.0 = Release|Any CPU
		{BF489E38-F02F-4E08-B641-01D2C75C8B8E}.Release|x64.ActiveCfg = Release|Any CPU
		{BF489E38-F02F-4E08-B641-01D2C75C8B8E}.Release|x64.Build.0 = Release|Any CPU
		{BF489E38-F02F-4E08-B641-01D2C75C8B8E}.Release|x86.ActiveCfg = Release|Any CPU
		{BF489E38-F02F-4E08-B641-01D2C75C8B8E}.Release|x86.Build.0 = Release|Any CPU
		{E4118D6D-DEA6-4980-8324-FBE423445C11}.Debug|Any CPU.ActiveCfg = Debug|Any CPU
		{E4118D6D-DEA6-4980-8324-FBE423445C11}.Debug|Any CPU.Build.0 = Debug|Any CPU
		{E4118D6D-DEA6-4980-8324-FBE423445C11}.Debug|ARM.ActiveCfg = Debug|Any CPU
		{E4118D6D-DEA6-4980-8324-FBE423445C11}.Debug|ARM.Build.0 = Debug|Any CPU
		{E4118D6D-DEA6-4980-8324-FBE423445C11}.Debug|iPhone.ActiveCfg = Debug|Any CPU
		{E4118D6D-DEA6-4980-8324-FBE423445C11}.Debug|iPhone.Build.0 = Debug|Any CPU
		{E4118D6D-DEA6-4980-8324-FBE423445C11}.Debug|iPhoneSimulator.ActiveCfg = Debug|Any CPU
		{E4118D6D-DEA6-4980-8324-FBE423445C11}.Debug|iPhoneSimulator.Build.0 = Debug|Any CPU
		{E4118D6D-DEA6-4980-8324-FBE423445C11}.Debug|x64.ActiveCfg = Debug|Any CPU
		{E4118D6D-DEA6-4980-8324-FBE423445C11}.Debug|x64.Build.0 = Debug|Any CPU
		{E4118D6D-DEA6-4980-8324-FBE423445C11}.Debug|x86.ActiveCfg = Debug|Any CPU
		{E4118D6D-DEA6-4980-8324-FBE423445C11}.Debug|x86.Build.0 = Debug|Any CPU
		{E4118D6D-DEA6-4980-8324-FBE423445C11}.Release|Any CPU.ActiveCfg = Release|Any CPU
		{E4118D6D-DEA6-4980-8324-FBE423445C11}.Release|Any CPU.Build.0 = Release|Any CPU
		{E4118D6D-DEA6-4980-8324-FBE423445C11}.Release|ARM.ActiveCfg = Release|Any CPU
		{E4118D6D-DEA6-4980-8324-FBE423445C11}.Release|ARM.Build.0 = Release|Any CPU
		{E4118D6D-DEA6-4980-8324-FBE423445C11}.Release|iPhone.ActiveCfg = Release|Any CPU
		{E4118D6D-DEA6-4980-8324-FBE423445C11}.Release|iPhone.Build.0 = Release|Any CPU
		{E4118D6D-DEA6-4980-8324-FBE423445C11}.Release|iPhoneSimulator.ActiveCfg = Release|Any CPU
		{E4118D6D-DEA6-4980-8324-FBE423445C11}.Release|iPhoneSimulator.Build.0 = Release|Any CPU
		{E4118D6D-DEA6-4980-8324-FBE423445C11}.Release|x64.ActiveCfg = Release|Any CPU
		{E4118D6D-DEA6-4980-8324-FBE423445C11}.Release|x64.Build.0 = Release|Any CPU
		{E4118D6D-DEA6-4980-8324-FBE423445C11}.Release|x86.ActiveCfg = Release|Any CPU
		{E4118D6D-DEA6-4980-8324-FBE423445C11}.Release|x86.Build.0 = Release|Any CPU
		{C68DE07D-3BFE-4D21-BDCF-D51026B8CA57}.Debug|Any CPU.ActiveCfg = Debug|Any CPU
		{C68DE07D-3BFE-4D21-BDCF-D51026B8CA57}.Debug|Any CPU.Build.0 = Debug|Any CPU
		{C68DE07D-3BFE-4D21-BDCF-D51026B8CA57}.Debug|ARM.ActiveCfg = Debug|Any CPU
		{C68DE07D-3BFE-4D21-BDCF-D51026B8CA57}.Debug|ARM.Build.0 = Debug|Any CPU
		{C68DE07D-3BFE-4D21-BDCF-D51026B8CA57}.Debug|iPhone.ActiveCfg = Debug|Any CPU
		{C68DE07D-3BFE-4D21-BDCF-D51026B8CA57}.Debug|iPhone.Build.0 = Debug|Any CPU
		{C68DE07D-3BFE-4D21-BDCF-D51026B8CA57}.Debug|iPhoneSimulator.ActiveCfg = Debug|Any CPU
		{C68DE07D-3BFE-4D21-BDCF-D51026B8CA57}.Debug|iPhoneSimulator.Build.0 = Debug|Any CPU
		{C68DE07D-3BFE-4D21-BDCF-D51026B8CA57}.Debug|x64.ActiveCfg = Debug|Any CPU
		{C68DE07D-3BFE-4D21-BDCF-D51026B8CA57}.Debug|x64.Build.0 = Debug|Any CPU
		{C68DE07D-3BFE-4D21-BDCF-D51026B8CA57}.Debug|x86.ActiveCfg = Debug|Any CPU
		{C68DE07D-3BFE-4D21-BDCF-D51026B8CA57}.Debug|x86.Build.0 = Debug|Any CPU
		{C68DE07D-3BFE-4D21-BDCF-D51026B8CA57}.Release|Any CPU.ActiveCfg = Release|Any CPU
		{C68DE07D-3BFE-4D21-BDCF-D51026B8CA57}.Release|Any CPU.Build.0 = Release|Any CPU
		{C68DE07D-3BFE-4D21-BDCF-D51026B8CA57}.Release|ARM.ActiveCfg = Release|Any CPU
		{C68DE07D-3BFE-4D21-BDCF-D51026B8CA57}.Release|ARM.Build.0 = Release|Any CPU
		{C68DE07D-3BFE-4D21-BDCF-D51026B8CA57}.Release|iPhone.ActiveCfg = Release|Any CPU
		{C68DE07D-3BFE-4D21-BDCF-D51026B8CA57}.Release|iPhone.Build.0 = Release|Any CPU
		{C68DE07D-3BFE-4D21-BDCF-D51026B8CA57}.Release|iPhoneSimulator.ActiveCfg = Release|Any CPU
		{C68DE07D-3BFE-4D21-BDCF-D51026B8CA57}.Release|iPhoneSimulator.Build.0 = Release|Any CPU
		{C68DE07D-3BFE-4D21-BDCF-D51026B8CA57}.Release|x64.ActiveCfg = Release|Any CPU
		{C68DE07D-3BFE-4D21-BDCF-D51026B8CA57}.Release|x64.Build.0 = Release|Any CPU
		{C68DE07D-3BFE-4D21-BDCF-D51026B8CA57}.Release|x86.ActiveCfg = Release|Any CPU
		{C68DE07D-3BFE-4D21-BDCF-D51026B8CA57}.Release|x86.Build.0 = Release|Any CPU
		{5622F272-0CD2-4CBC-9FB4-AA91474BC261}.Debug|Any CPU.ActiveCfg = Debug|x86
		{5622F272-0CD2-4CBC-9FB4-AA91474BC261}.Debug|ARM.ActiveCfg = Debug|ARM
		{5622F272-0CD2-4CBC-9FB4-AA91474BC261}.Debug|ARM.Build.0 = Debug|ARM
		{5622F272-0CD2-4CBC-9FB4-AA91474BC261}.Debug|ARM.Deploy.0 = Debug|ARM
		{5622F272-0CD2-4CBC-9FB4-AA91474BC261}.Debug|iPhone.ActiveCfg = Debug|x86
		{5622F272-0CD2-4CBC-9FB4-AA91474BC261}.Debug|iPhoneSimulator.ActiveCfg = Debug|x86
		{5622F272-0CD2-4CBC-9FB4-AA91474BC261}.Debug|x64.ActiveCfg = Debug|x64
		{5622F272-0CD2-4CBC-9FB4-AA91474BC261}.Debug|x64.Build.0 = Debug|x64
		{5622F272-0CD2-4CBC-9FB4-AA91474BC261}.Debug|x64.Deploy.0 = Debug|x64
		{5622F272-0CD2-4CBC-9FB4-AA91474BC261}.Debug|x86.ActiveCfg = Debug|x86
		{5622F272-0CD2-4CBC-9FB4-AA91474BC261}.Debug|x86.Build.0 = Debug|x86
		{5622F272-0CD2-4CBC-9FB4-AA91474BC261}.Debug|x86.Deploy.0 = Debug|x86
		{5622F272-0CD2-4CBC-9FB4-AA91474BC261}.Release|Any CPU.ActiveCfg = Release|x86
		{5622F272-0CD2-4CBC-9FB4-AA91474BC261}.Release|ARM.ActiveCfg = Release|ARM
		{5622F272-0CD2-4CBC-9FB4-AA91474BC261}.Release|ARM.Build.0 = Release|ARM
		{5622F272-0CD2-4CBC-9FB4-AA91474BC261}.Release|ARM.Deploy.0 = Release|ARM
		{5622F272-0CD2-4CBC-9FB4-AA91474BC261}.Release|iPhone.ActiveCfg = Release|x86
		{5622F272-0CD2-4CBC-9FB4-AA91474BC261}.Release|iPhoneSimulator.ActiveCfg = Release|x86
		{5622F272-0CD2-4CBC-9FB4-AA91474BC261}.Release|x64.ActiveCfg = Release|x64
		{5622F272-0CD2-4CBC-9FB4-AA91474BC261}.Release|x64.Build.0 = Release|x64
		{5622F272-0CD2-4CBC-9FB4-AA91474BC261}.Release|x64.Deploy.0 = Release|x64
		{5622F272-0CD2-4CBC-9FB4-AA91474BC261}.Release|x86.ActiveCfg = Release|x86
		{5622F272-0CD2-4CBC-9FB4-AA91474BC261}.Release|x86.Build.0 = Release|x86
		{5622F272-0CD2-4CBC-9FB4-AA91474BC261}.Release|x86.Deploy.0 = Release|x86
	EndGlobalSection
	GlobalSection(SolutionProperties) = preSolution
		HideSolutionNode = FALSE
	EndGlobalSection
	GlobalSection(NestedProjects) = preSolution
		{BF489E38-F02F-4E08-B641-01D2C75C8B8E} = {F10C3679-6262-4B65-81AF-7769BA7761B2}
		{E4118D6D-DEA6-4980-8324-FBE423445C11} = {F10C3679-6262-4B65-81AF-7769BA7761B2}
		{C68DE07D-3BFE-4D21-BDCF-D51026B8CA57} = {F10C3679-6262-4B65-81AF-7769BA7761B2}
	EndGlobalSection
	GlobalSection(ExtensibilityGlobals) = postSolution
		SolutionGuid = {9FF773CB-B143-4D37-AB98-5AAE0B9B37AB}
	EndGlobalSection
EndGlobal
