
Microsoft Visual Studio Solution File, Format Version 12.00
# Visual Studio 15
VisualStudioVersion = 15.0.26430.15
MinimumVisualStudioVersion = 10.0.40219.1
Project("{FAE04EC0-301F-11D3-BF4B-00C04F79EFBC}") = "TheMovie", "TheMovie\TheMovie\TheMovie.csproj", "{F8B5A3EE-DD42-417B-827A-5471CAA3F7BD}"
EndProject
Project("{FAE04EC0-301F-11D3-BF4B-00C04F79EFBC}") = "TheMovie.Android", "TheMovie\TheMovie.Android\TheMovie.Android.csproj", "{77B38894-A67D-4592-865D-DC115ACDB135}"
EndProject
Project("{FAE04EC0-301F-11D3-BF4B-00C04F79EFBC}") = "TheMovie.iOS", "TheMovie\TheMovie.iOS\TheMovie.iOS.csproj", "{B162C264-FC79-403F-9D50-62B56AB35B0F}"
EndProject
Project("{FAE04EC0-301F-11D3-BF4B-00C04F79EFBC}") = "TheMovie.UWP", "TheMovie\TheMovie.UWP\TheMovie.UWP.csproj", "{D81C2945-7F22-4FAF-9A2F-7421ED0F9A1B}"
EndProject
Project("{2150E333-8FDC-42A3-9474-1A3956D46DE8}") = "TheMovie.Tests", "TheMovie.Tests", "{F10C3679-6262-4B65-81AF-7769BA7761B2}"
EndProject
Project("{FAE04EC0-301F-11D3-BF4B-00C04F79EFBC}") = "TheMovie.UITest", "TheMovie\TheMovie.Tests\TheMovie.UITest\TheMovie.UITest.csproj", "{BF489E38-F02F-4E08-B641-01D2C75C8B8E}"
EndProject
Project("{FAE04EC0-301F-11D3-BF4B-00C04F79EFBC}") = "TheMovie.IntegrationTest", "TheMovie\TheMovie.Tests\TheMovie.IntegrationTest\TheMovie.IntegrationTest.csproj", "{E4118D6D-DEA6-4980-8324-FBE423445C11}"
EndProject
Project("{FAE04EC0-301F-11D3-BF4B-00C04F79EFBC}") = "TheMovie.UnitTest", "TheMovie\TheMovie.Tests\TheMovie.UnitTest\TheMovie.UnitTest.csproj", "{C68DE07D-3BFE-4D21-BDCF-D51026B8CA57}"
EndProject
Global
	GlobalSection(SolutionConfigurationPlatforms) = preSolution
		Debug|Any CPU = Debug|Any CPU
		Debug|ARM = Debug|ARM
		Debug|iPhone = Debug|iPhone
		Debug|iPhoneSimulator = Debug|iPhoneSimulator
		Debug|x64 = Debug|x64
		Debug|x86 = Debug|x86
		Release|Any CPU = Release|Any CPU
		Release|ARM = Release|ARM
		Release|iPhone = Release|iPhone
		Release|iPhoneSimulator = Release|iPhoneSimulator
		Release|x64 = Release|x64
		Release|x86 = Release|x86
	EndGlobalSection
	GlobalSection(ProjectConfigurationPlatforms) = postSolution
		{F8B5A3EE-DD42-417B-827A-5471CAA3F7BD}.Debug|Any CPU.ActiveCfg = Debug|Any CPU
		{F8B5A3EE-DD42-417B-827A-5471CAA3F7BD}.Debug|Any CPU.Build.0 = Debug|Any CPU
		{F8B5A3EE-DD42-417B-827A-5471CAA3F7BD}.Debug|ARM.ActiveCfg = Debug|Any CPU
		{F8B5A3EE-DD42-417B-827A-5471CAA3F7BD}.Debug|ARM.Build.0 = Debug|Any CPU
		{F8B5A3EE-DD42-417B-827A-5471CAA3F7BD}.Debug|iPhone.ActiveCfg = Debug|Any CPU
		{F8B5A3EE-DD42-417B-827A-5471CAA3F7BD}.Debug|iPhone.Build.0 = Debug|Any CPU
		{F8B5A3EE-DD42-417B-827A-5471CAA3F7BD}.Debug|iPhoneSimulator.ActiveCfg = Debug|Any CPU
		{F8B5A3EE-DD42-417B-827A-5471CAA3F7BD}.Debug|iPhoneSimulator.Build.0 = Debug|Any CPU
		{F8B5A3EE-DD42-417B-827A-5471CAA3F7BD}.Debug|x64.ActiveCfg = Debug|Any CPU
		{F8B5A3EE-DD42-417B-827A-5471CAA3F7BD}.Debug|x64.Build.0 = Debug|Any CPU
		{F8B5A3EE-DD42-417B-827A-5471CAA3F7BD}.Debug|x86.ActiveCfg = Debug|Any CPU
		{F8B5A3EE-DD42-417B-827A-5471CAA3F7BD}.Debug|x86.Build.0 = Debug|Any CPU
		{F8B5A3EE-DD42-417B-827A-5471CAA3F7BD}.Release|Any CPU.ActiveCfg = Release|Any CPU
		{F8B5A3EE-DD42-417B-827A-5471CAA3F7BD}.Release|Any CPU.Build.0 = Release|Any CPU
		{F8B5A3EE-DD42-417B-827A-5471CAA3F7BD}.Release|ARM.ActiveCfg = Release|Any CPU
		{F8B5A3EE-DD42-417B-827A-5471CAA3F7BD}.Release|ARM.Build.0 = Release|Any CPU
		{F8B5A3EE-DD42-417B-827A-5471CAA3F7BD}.Release|iPhone.ActiveCfg = Release|Any CPU
		{F8B5A3EE-DD42-417B-827A-5471CAA3F7BD}.Release|iPhone.Build.0 = Release|Any CPU
		{F8B5A3EE-DD42-417B-827A-5471CAA3F7BD}.Release|iPhoneSimulator.ActiveCfg = Release|Any CPU
		{F8B5A3EE-DD42-417B-827A-5471CAA3F7BD}.Release|iPhoneSimulator.Build.0 = Release|Any CPU
		{F8B5A3EE-DD42-417B-827A-5471CAA3F7BD}.Release|x64.ActiveCfg = Release|Any CPU
		{F8B5A3EE-DD42-417B-827A-5471CAA3F7BD}.Release|x64.Build.0 = Release|Any CPU
		{F8B5A3EE-DD42-417B-827A-5471CAA3F7BD}.Release|x86.ActiveCfg = Release|Any CPU
		{F8B5A3EE-DD42-417B-827A-5471CAA3F7BD}.Release|x86.Build.0 = Release|Any CPU
		{77B38894-A67D-4592-865D-DC115ACDB135}.Debug|Any CPU.ActiveCfg = Debug|Any CPU
		{77B38894-A67D-4592-865D-DC115ACDB135}.Debug|Any CPU.Build.0 = Debug|Any CPU
		{77B38894-A67D-4592-865D-DC115ACDB135}.Debug|Any CPU.Deploy.0 = Debug|Any CPU
		{77B38894-A67D-4592-865D-DC115ACDB135}.Debug|ARM.ActiveCfg = Debug|Any CPU
		{77B38894-A67D-4592-865D-DC115ACDB135}.Debug|ARM.Build.0 = Debug|Any CPU
		{77B38894-A67D-4592-865D-DC115ACDB135}.Debug|ARM.Deploy.0 = Debug|Any CPU
		{77B38894-A67D-4592-865D-DC115ACDB135}.Debug|iPhone.ActiveCfg = Debug|Any CPU
		{77B38894-A67D-4592-865D-DC115ACDB135}.Debug|iPhone.Build.0 = Debug|Any CPU
		{77B38894-A67D-4592-865D-DC115ACDB135}.Debug|iPhone.Deploy.0 = Debug|Any CPU
		{77B38894-A67D-4592-865D-DC115ACDB135}.Debug|iPhoneSimulator.ActiveCfg = Debug|Any CPU
		{77B38894-A67D-4592-865D-DC115ACDB135}.Debug|iPhoneSimulator.Build.0 = Debug|Any CPU
		{77B38894-A67D-4592-865D-DC115ACDB135}.Debug|iPhoneSimulator.Deploy.0 = Debug|Any CPU
		{77B38894-A67D-4592-865D-DC115ACDB135}.Debug|x64.ActiveCfg = Debug|Any CPU
		{77B38894-A67D-4592-865D-DC115ACDB135}.Debug|x64.Build.0 = Debug|Any CPU
		{77B38894-A67D-4592-865D-DC115ACDB135}.Debug|x64.Deploy.0 = Debug|Any CPU
		{77B38894-A67D-4592-865D-DC115ACDB135}.Debug|x86.ActiveCfg = Debug|Any CPU
		{77B38894-A67D-4592-865D-DC115ACDB135}.Debug|x86.Build.0 = Debug|Any CPU
		{77B38894-A67D-4592-865D-DC115ACDB135}.Debug|x86.Deploy.0 = Debug|Any CPU
		{77B38894-A67D-4592-865D-DC115ACDB135}.Release|Any CPU.ActiveCfg = Release|Any CPU
		{77B38894-A67D-4592-865D-DC115ACDB135}.Release|Any CPU.Build.0 = Release|Any CPU
		{77B38894-A67D-4592-865D-DC115ACDB135}.Release|Any CPU.Deploy.0 = Release|Any CPU
		{77B38894-A67D-4592-865D-DC115ACDB135}.Release|ARM.ActiveCfg = Release|Any CPU
		{77B38894-A67D-4592-865D-DC115ACDB135}.Release|ARM.Build.0 = Release|Any CPU
		{77B38894-A67D-4592-865D-DC115ACDB135}.Release|ARM.Deploy.0 = Release|Any CPU
		{77B38894-A67D-4592-865D-DC115ACDB135}.Release|iPhone.ActiveCfg = Release|Any CPU
		{77B38894-A67D-4592-865D-DC115ACDB135}.Release|iPhone.Build.0 = Release|Any CPU
		{77B38894-A67D-4592-865D-DC115ACDB135}.Release|iPhone.Deploy.0 = Release|Any CPU
		{77B38894-A67D-4592-865D-DC115ACDB135}.Release|iPhoneSimulator.ActiveCfg = Release|Any CPU
		{77B38894-A67D-4592-865D-DC115ACDB135}.Release|iPhoneSimulator.Build.0 = Release|Any CPU
		{77B38894-A67D-4592-865D-DC115ACDB135}.Release|iPhoneSimulator.Deploy.0 = Release|Any CPU
		{77B38894-A67D-4592-865D-DC115ACDB135}.Release|x64.ActiveCfg = Release|Any CPU
		{77B38894-A67D-4592-865D-DC115ACDB135}.Release|x64.Build.0 = Release|Any CPU
		{77B38894-A67D-4592-865D-DC115ACDB135}.Release|x64.Deploy.0 = Release|Any CPU
		{77B38894-A67D-4592-865D-DC115ACDB135}.Release|x86.ActiveCfg = Release|Any CPU
		{77B38894-A67D-4592-865D-DC115ACDB135}.Release|x86.Build.0 = Release|Any CPU
		{77B38894-A67D-4592-865D-DC115ACDB135}.Release|x86.Deploy.0 = Release|Any CPU
		{B162C264-FC79-403F-9D50-62B56AB35B0F}.Debug|Any CPU.ActiveCfg = Debug|iPhone
		{B162C264-FC79-403F-9D50-62B56AB35B0F}.Debug|ARM.ActiveCfg = Debug|iPhone
		{B162C264-FC79-403F-9D50-62B56AB35B0F}.Debug|iPhone.ActiveCfg = Debug|iPhone
		{B162C264-FC79-403F-9D50-62B56AB35B0F}.Debug|iPhone.Build.0 = Debug|iPhone
		{B162C264-FC79-403F-9D50-62B56AB35B0F}.Debug|iPhoneSimulator.ActiveCfg = Debug|iPhoneSimulator
		{B162C264-FC79-403F-9D50-62B56AB35B0F}.Debug|iPhoneSimulator.Build.0 = Debug|iPhoneSimulator
		{B162C264-FC79-403F-9D50-62B56AB35B0F}.Debug|x64.ActiveCfg = Debug|iPhone
		{B162C264-FC79-403F-9D50-62B56AB35B0F}.Debug|x86.ActiveCfg = Debug|iPhone
		{B162C264-FC79-403F-9D50-62B56AB35B0F}.Release|Any CPU.ActiveCfg = Release|iPhone
		{B162C264-FC79-403F-9D50-62B56AB35B0F}.Release|ARM.ActiveCfg = Release|iPhone
		{B162C264-FC79-403F-9D50-62B56AB35B0F}.Release|iPhone.ActiveCfg = Release|iPhone
		{B162C264-FC79-403F-9D50-62B56AB35B0F}.Release|iPhone.Build.0 = Release|iPhone
		{B162C264-FC79-403F-9D50-62B56AB35B0F}.Release|iPhoneSimulator.ActiveCfg = Release|iPhoneSimulator
		{B162C264-FC79-403F-9D50-62B56AB35B0F}.Release|iPhoneSimulator.Build.0 = Release|iPhoneSimulator
		{B162C264-FC79-403F-9D50-62B56AB35B0F}.Release|x64.ActiveCfg = Release|iPhone
		{B162C264-FC79-403F-9D50-62B56AB35B0F}.Release|x86.ActiveCfg = Release|iPhone
		{D81C2945-7F22-4FAF-9A2F-7421ED0F9A1B}.Debug|Any CPU.ActiveCfg = Debug|x86
		{D81C2945-7F22-4FAF-9A2F-7421ED0F9A1B}.Debug|ARM.ActiveCfg = Debug|ARM
		{D81C2945-7F22-4FAF-9A2F-7421ED0F9A1B}.Debug|ARM.Build.0 = Debug|ARM
		{D81C2945-7F22-4FAF-9A2F-7421ED0F9A1B}.Debug|ARM.Deploy.0 = Debug|ARM
		{D81C2945-7F22-4FAF-9A2F-7421ED0F9A1B}.Debug|iPhone.ActiveCfg = Debug|x86
		{D81C2945-7F22-4FAF-9A2F-7421ED0F9A1B}.Debug|iPhoneSimulator.ActiveCfg = Debug|x86
		{D81C2945-7F22-4FAF-9A2F-7421ED0F9A1B}.Debug|x64.ActiveCfg = Debug|x64
		{D81C2945-7F22-4FAF-9A2F-7421ED0F9A1B}.Debug|x64.Build.0 = Debug|x64
		{D81C2945-7F22-4FAF-9A2F-7421ED0F9A1B}.Debug|x64.Deploy.0 = Debug|x64
		{D81C2945-7F22-4FAF-9A2F-7421ED0F9A1B}.Debug|x86.ActiveCfg = Debug|x86
		{D81C2945-7F22-4FAF-9A2F-7421ED0F9A1B}.Debug|x86.Build.0 = Debug|x86
		{D81C2945-7F22-4FAF-9A2F-7421ED0F9A1B}.Debug|x86.Deploy.0 = Debug|x86
		{D81C2945-7F22-4FAF-9A2F-7421ED0F9A1B}.Release|Any CPU.ActiveCfg = Release|x86
		{D81C2945-7F22-4FAF-9A2F-7421ED0F9A1B}.Release|ARM.ActiveCfg = Release|ARM
		{D81C2945-7F22-4FAF-9A2F-7421ED0F9A1B}.Release|ARM.Build.0 = Release|ARM
		{D81C2945-7F22-4FAF-9A2F-7421ED0F9A1B}.Release|ARM.Deploy.0 = Release|ARM
		{D81C2945-7F22-4FAF-9A2F-7421ED0F9A1B}.Release|iPhone.ActiveCfg = Release|x86
		{D81C2945-7F22-4FAF-9A2F-7421ED0F9A1B}.Release|iPhoneSimulator.ActiveCfg = Release|x86
		{D81C2945-7F22-4FAF-9A2F-7421ED0F9A1B}.Release|x64.ActiveCfg = Release|x64
		{D81C2945-7F22-4FAF-9A2F-7421ED0F9A1B}.Release|x64.Build.0 = Release|x64
		{D81C2945-7F22-4FAF-9A2F-7421ED0F9A1B}.Release|x64.Deploy.0 = Release|x64
		{D81C2945-7F22-4FAF-9A2F-7421ED0F9A1B}.Release|x86.ActiveCfg = Release|x86
		{D81C2945-7F22-4FAF-9A2F-7421ED0F9A1B}.Release|x86.Build.0 = Release|x86
		{D81C2945-7F22-4FAF-9A2F-7421ED0F9A1B}.Release|x86.Deploy.0 = Release|x86
		{BF489E38-F02F-4E08-B641-01D2C75C8B8E}.Debug|Any CPU.ActiveCfg = Debug|Any CPU
		{BF489E38-F02F-4E08-B641-01D2C75C8B8E}.Debug|Any CPU.Build.0 = Debug|Any CPU
		{BF489E38-F02F-4E08-B641-01D2C75C8B8E}.Debug|ARM.ActiveCfg = Debug|Any CPU
		{BF489E38-F02F-4E08-B641-01D2C75C8B8E}.Debug|ARM.Build.0 = Debug|Any CPU
		{BF489E38-F02F-4E08-B641-01D2C75C8B8E}.Debug|iPhone.ActiveCfg = Debug|Any CPU
		{BF489E38-F02F-4E08-B641-01D2C75C8B8E}.Debug|iPhone.Build.0 = Debug|Any CPU
		{BF489E38-F02F-4E08-B641-01D2C75C8B8E}.Debug|iPhoneSimulator.ActiveCfg = Debug|Any CPU
		{BF489E38-F02F-4E08-B641-01D2C75C8B8E}.Debug|iPhoneSimulator.Build.0 = Debug|Any CPU
		{BF489E38-F02F-4E08-B641-01D2C75C8B8E}.Debug|x64.ActiveCfg = Debug|Any CPU
		{BF489E38-F02F-4E08-B641-01D2C75C8B8E}.Debug|x64.Build.0 = Debug|Any CPU
		{BF489E38-F02F-4E08-B641-01D2C75C8B8E}.Debug|x86.ActiveCfg = Debug|Any CPU
		{BF489E38-F02F-4E08-B641-01D2C75C8B8E}.Debug|x86.Build.0 = Debug|Any CPU
		{BF489E38-F02F-4E08-B641-01D2C75C8B8E}.Release|Any CPU.ActiveCfg = Release|Any CPU
		{BF489E38-F02F-4E08-B641-01D2C75C8B8E}.Release|Any CPU.Build.0 = Release|Any CPU
		{BF489E38-F02F-4E08-B641-01D2C75C8B8E}.Release|ARM.ActiveCfg = Release|Any CPU
		{BF489E38-F02F-4E08-B641-01D2C75C8B8E}.Release|ARM.Build.0 = Release|Any CPU
		{BF489E38-F02F-4E08-B641-01D2C75C8B8E}.Release|iPhone.ActiveCfg = Release|Any CPU
		{BF489E38-F02F-4E08-B641-01D2C75C8B8E}.Release|iPhone.Build.0 = Release|Any CPU
		{BF489E38-F02F-4E08-B641-01D2C75C8B8E}.Release|iPhoneSimulator.ActiveCfg = Release|Any CPU
		{BF489E38-F02F-4E08-B641-01D2C75C8B8E}.Release|iPhoneSimulator.Build.0 = Release|Any CPU
		{BF489E38-F02F-4E08-B641-01D2C75C8B8E}.Release|x64.ActiveCfg = Release|Any CPU
		{BF489E38-F02F-4E08-B641-01D2C75C8B8E}.Release|x64.Build.0 = Release|Any CPU
		{BF489E38-F02F-4E08-B641-01D2C75C8B8E}.Release|x86.ActiveCfg = Release|Any CPU
		{BF489E38-F02F-4E08-B641-01D2C75C8B8E}.Release|x86.Build.0 = Release|Any CPU
		{E4118D6D-DEA6-4980-8324-FBE423445C11}.Debug|Any CPU.ActiveCfg = Debug|Any CPU
		{E4118D6D-DEA6-4980-8324-FBE423445C11}.Debug|Any CPU.Build.0 = Debug|Any CPU
		{E4118D6D-DEA6-4980-8324-FBE423445C11}.Debug|ARM.ActiveCfg = Debug|Any CPU
		{E4118D6D-DEA6-4980-8324-FBE423445C11}.Debug|ARM.Build.0 = Debug|Any CPU
		{E4118D6D-DEA6-4980-8324-FBE423445C11}.Debug|iPhone.ActiveCfg = Debug|Any CPU
		{E4118D6D-DEA6-4980-8324-FBE423445C11}.Debug|iPhone.Build.0 = Debug|Any CPU
		{E4118D6D-DEA6-4980-8324-FBE423445C11}.Debug|iPhoneSimulator.ActiveCfg = Debug|Any CPU
		{E4118D6D-DEA6-4980-8324-FBE423445C11}.Debug|iPhoneSimulator.Build.0 = Debug|Any CPU
		{E4118D6D-DEA6-4980-8324-FBE423445C11}.Debug|x64.ActiveCfg = Debug|Any CPU
		{E4118D6D-DEA6-4980-8324-FBE423445C11}.Debug|x64.Build.0 = Debug|Any CPU
		{E4118D6D-DEA6-4980-8324-FBE423445C11}.Debug|x86.ActiveCfg = Debug|Any CPU
		{E4118D6D-DEA6-4980-8324-FBE423445C11}.Debug|x86.Build.0 = Debug|Any CPU
		{E4118D6D-DEA6-4980-8324-FBE423445C11}.Release|Any CPU.ActiveCfg = Release|Any CPU
		{E4118D6D-DEA6-4980-8324-FBE423445C11}.Release|Any CPU.Build.0 = Release|Any CPU
		{E4118D6D-DEA6-4980-8324-FBE423445C11}.Release|ARM.ActiveCfg = Release|Any CPU
		{E4118D6D-DEA6-4980-8324-FBE423445C11}.Release|ARM.Build.0 = Release|Any CPU
		{E4118D6D-DEA6-4980-8324-FBE423445C11}.Release|iPhone.ActiveCfg = Release|Any CPU
		{E4118D6D-DEA6-4980-8324-FBE423445C11}.Release|iPhone.Build.0 = Release|Any CPU
		{E4118D6D-DEA6-4980-8324-FBE423445C11}.Release|iPhoneSimulator.ActiveCfg = Release|Any CPU
		{E4118D6D-DEA6-4980-8324-FBE423445C11}.Release|iPhoneSimulator.Build.0 = Release|Any CPU
		{E4118D6D-DEA6-4980-8324-FBE423445C11}.Release|x64.ActiveCfg = Release|Any CPU
		{E4118D6D-DEA6-4980-8324-FBE423445C11}.Release|x64.Build.0 = Release|Any CPU
		{E4118D6D-DEA6-4980-8324-FBE423445C11}.Release|x86.ActiveCfg = Release|Any CPU
		{E4118D6D-DEA6-4980-8324-FBE423445C11}.Release|x86.Build.0 = Release|Any CPU
		{C68DE07D-3BFE-4D21-BDCF-D51026B8CA57}.Debug|Any CPU.ActiveCfg = Debug|Any CPU
		{C68DE07D-3BFE-4D21-BDCF-D51026B8CA57}.Debug|Any CPU.Build.0 = Debug|Any CPU
		{C68DE07D-3BFE-4D21-BDCF-D51026B8CA57}.Debug|ARM.ActiveCfg = Debug|Any CPU
		{C68DE07D-3BFE-4D21-BDCF-D51026B8CA57}.Debug|ARM.Build.0 = Debug|Any CPU
		{C68DE07D-3BFE-4D21-BDCF-D51026B8CA57}.Debug|iPhone.ActiveCfg = Debug|Any CPU
		{C68DE07D-3BFE-4D21-BDCF-D51026B8CA57}.Debug|iPhone.Build.0 = Debug|Any CPU
		{C68DE07D-3BFE-4D21-BDCF-D51026B8CA57}.Debug|iPhoneSimulator.ActiveCfg = Debug|Any CPU
		{C68DE07D-3BFE-4D21-BDCF-D51026B8CA57}.Debug|iPhoneSimulator.Build.0 = Debug|Any CPU
		{C68DE07D-3BFE-4D21-BDCF-D51026B8CA57}.Debug|x64.ActiveCfg = Debug|Any CPU
		{C68DE07D-3BFE-4D21-BDCF-D51026B8CA57}.Debug|x64.Build.0 = Debug|Any CPU
		{C68DE07D-3BFE-4D21-BDCF-D51026B8CA57}.Debug|x86.ActiveCfg = Debug|Any CPU
		{C68DE07D-3BFE-4D21-BDCF-D51026B8CA57}.Debug|x86.Build.0 = Debug|Any CPU
		{C68DE07D-3BFE-4D21-BDCF-D51026B8CA57}.Release|Any CPU.ActiveCfg = Release|Any CPU
		{C68DE07D-3BFE-4D21-BDCF-D51026B8CA57}.Release|Any CPU.Build.0 = Release|Any CPU
		{C68DE07D-3BFE-4D21-BDCF-D51026B8CA57}.Release|ARM.ActiveCfg = Release|Any CPU
		{C68DE07D-3BFE-4D21-BDCF-D51026B8CA57}.Release|ARM.Build.0 = Release|Any CPU
		{C68DE07D-3BFE-4D21-BDCF-D51026B8CA57}.Release|iPhone.ActiveCfg = Release|Any CPU
		{C68DE07D-3BFE-4D21-BDCF-D51026B8CA57}.Release|iPhone.Build.0 = Release|Any CPU
		{C68DE07D-3BFE-4D21-BDCF-D51026B8CA57}.Release|iPhoneSimulator.ActiveCfg = Release|Any CPU
		{C68DE07D-3BFE-4D21-BDCF-D51026B8CA57}.Release|iPhoneSimulator.Build.0 = Release|Any CPU
		{C68DE07D-3BFE-4D21-BDCF-D51026B8CA57}.Release|x64.ActiveCfg = Release|Any CPU
		{C68DE07D-3BFE-4D21-BDCF-D51026B8CA57}.Release|x64.Build.0 = Release|Any CPU
		{C68DE07D-3BFE-4D21-BDCF-D51026B8CA57}.Release|x86.ActiveCfg = Release|Any CPU
		{C68DE07D-3BFE-4D21-BDCF-D51026B8CA57}.Release|x86.Build.0 = Release|Any CPU
	EndGlobalSection
	GlobalSection(SolutionProperties) = preSolution
		HideSolutionNode = FALSE
	EndGlobalSection
	GlobalSection(NestedProjects) = preSolution
		{BF489E38-F02F-4E08-B641-01D2C75C8B8E} = {F10C3679-6262-4B65-81AF-7769BA7761B2}
		{E4118D6D-DEA6-4980-8324-FBE423445C11} = {F10C3679-6262-4B65-81AF-7769BA7761B2}
		{C68DE07D-3BFE-4D21-BDCF-D51026B8CA57} = {F10C3679-6262-4B65-81AF-7769BA7761B2}
	EndGlobalSection
EndGlobal
